PODS:
  - Capacitor (7.4.1):
    - CapacitorCordova
  - CapacitorCordova (7.4.1)
  - CapacitorKakaoLogin (0.0.1):
    - Capacitor

DEPENDENCIES:
  - "Capacitor (from `../../node_modules/@capacitor/ios`)"
  - "CapacitorCordova (from `../../node_modules/@capacitor/ios`)"
  - CapacitorKakaoLogin (from `../../node_modules/capacitor-kakao-login`)

EXTERNAL SOURCES:
  Capacitor:
    :path: "../../node_modules/@capacitor/ios"
  CapacitorCordova:
    :path: "../../node_modules/@capacitor/ios"
  CapacitorKakaoLogin:
    :path: "../../node_modules/capacitor-kakao-login"

SPEC CHECKSUMS:
  Capacitor: 4738747ece274c45e4d9bec9ae394a6269169e64
  CapacitorCordova: 34618fa1b14b6b091fd60a7658f7654044ae8d8a
  CapacitorKakaoLogin: c216cdd027318a156fdbae8dd39b433b18a8709f

PODFILE CHECKSUM: 0cc7d7c116e8f1c886b1b34a84c1e6f565ace31e

COCOAPODS: 1.14.3
